{
    "_meta": {
        "hash": {
            "sha256": "cb643b62098038ed56b68294eb5d5eecc2c6e4b11a91a4be15e9addae13b86c1"
        },
        "pipfile-spec": 6,
        "requires": {
            "python_version": "3.7"
        },
        "sources": [
            {
                "name": "pypi",
                "url": "https://pypi.org/simple",
                "verify_ssl": true
            }
        ]
    },
    "default": {
        "django": {
            "hashes": [
                "sha256:16040e1288c6c9f68c6da2fe75ebde83c0a158f6f5d54f4c5177b0c1478c5b86",
                "sha256:89c2007ca4fa5b351a51a279eccff298520783b713bf28efb89dfb81c80ea49b"
            ],
            "index": "pypi",
            "version": "==2.2.7"
        },
        "django-mysql": {
            "hashes": [
                "sha256:5ed13e3c4e4dc1671255bfc5a9f943320079af626a0c4d1a7f8baf276f5b9de2",
                "sha256:6a6d3b2b4b094418d67cc064b110d8ac31ca98a67b535568cf829bf052c718db"
            ],
            "index": "pypi",
            "version": "==3.2.0"
        },
        "djangorestframework": {
            "hashes": [
                "sha256:5488aed8f8df5ec1d70f04b2114abc52ae6729748a176c453313834a9ee179c8",
                "sha256:dc81cbf9775c6898a580f6f1f387c4777d12bd87abf0f5406018d32ccae71090"
            ],
            "index": "pypi",
            "version": "==3.10.3"
        },
        "mysqlclient": {
            "hashes": [
                "sha256:5c008e74b1c4a42271172c35f28a698cf79a7cba5d2bc811125e963f28001c34",
                "sha256:6ad22de8ea3aba03ce1b202ed175e0c7a8b82fcdab8f57b1649c596550ed785a",
                "sha256:e80109b0ae8d952b900b31b623181532e5e89376d707dcbeb63f99e69cefe559"
            ],
            "index": "pypi",
            "version": "==1.4.5"
        },
        "py-eureka-client": {
            "hashes": [
                "sha256:c6b45c0c7e349dbc8fdc854f705a53af4296400f6b8e44f419389cb7cd658148",
                "sha256:e5f8adeebdaf14390aac1b3e54d52c8b8398b7de575ec2672e9edf68d0361c22"
            ],
            "index": "pypi",
            "version": "==0.7.4"
        },
        "python-decouple": {
            "hashes": [
                "sha256:1317df14b43efee4337a4aa02914bf004f010cd56d6c4bd894e6474ec8c4fe2d"
            ],
            "index": "pypi",
            "version": "==3.1"
        },
        "pytz": {
            "hashes": [
                "sha256:1c557d7d0e871de1f5ccd5833f60fb2550652da6be2693c1e02300743d21500d",
                "sha256:b02c06db6cf09c12dd25137e563b31700d3b80fcc4ad23abb7a315f2789819be"
            ],
            "index": "pypi",
            "version": "==2019.3"
        },
        "six": {
            "hashes": [
                "sha256:1f1b7d42e254082a9db6279deae68afb421ceba6158efa6131de7b3003ee93fd",
                "sha256:30f610279e8b2578cab6db20741130331735c781b56053c59c4076da27f06b66"
            ],
            "index": "pypi",
            "version": "==1.13.0"
        },
        "sqlparse": {
            "hashes": [
                "sha256:40afe6b8d4b1117e7dff5504d7a8ce07d9a1b15aeeade8a2d10f130a834f8177",
                "sha256:7c3dca29c022744e95b547e867cee89f4fce4373f3549ccd8797d8eb52cdb873"
            ],
            "index": "pypi",
            "version": "==0.3.0"
        }
    },
    "develop": {}
}
